
Microsoft Visual Studio Solution File, Format Version 12.00
# Visual Studio Version 17
VisualStudioVersion = 17.9.34701.34
MinimumVisualStudioVersion = 10.0.40219.1
Project("{FAE04EC0-301F-11D3-BF4B-00C04F79EFBC}") = "SpellCheckerTask", "SpellCheckerTask\SpellCheckerTask.csproj", "{BD145F5D-1AD6-4EB2-BB9F-DA42593AC454}"
EndProject
Global
	GlobalSection(SolutionConfigurationPlatforms) = preSolution
		Debug|Any CPU = Debug|Any CPU
		Release|Any CPU = Release|Any CPU
	EndGlobalSection
	GlobalSection(ProjectConfigurationPlatforms) = postSolution
		{BD145F5D-1AD6-4EB2-BB9F-DA42593AC454}.Debug|Any CPU.ActiveCfg = Debug|Any CPU
		{BD145F5D-1AD6-4EB2-BB9F-DA42593AC454}.Debug|Any CPU.Build.0 = Debug|Any CPU
		{BD145F5D-1AD6-4EB2-BB9F-DA42593AC454}.Release|Any CPU.ActiveCfg = Release|Any CPU
		{BD145F5D-1AD6-4EB2-BB9F-DA42593AC454}.Release|Any CPU.Build.0 = Release|Any CPU
	EndGlobalSection
	GlobalSection(SolutionProperties) = preSolution
		HideSolutionNode = FALSE
	EndGlobalSection
	GlobalSection(ExtensibilityGlobals) = postSolution
		SolutionGuid = {F27EAFFD-06A1-4D27-8D03-390D0D8DDB29}
	EndGlobalSection
EndGlobal
